# Generated by pub
# See https://dart.dev/tools/pub/glossary#lockfile
packages:
  _fe_analyzer_shared:
    dependency: transitive
    description:
      name: _fe_analyzer_shared
      sha256: e6dd5609f0945ef6bc72bdcd28af6eeabefef99a6d62b7790320133789217759
      url: "https://pub.dev"
    source: hosted
    version: "38.0.0"
  analyzer:
    dependency: transitive
    description:
      name: analyzer
      sha256: c71e50e4e1674c9ffeaf053bb8d38e4a03b94d08af6a27fb352f3ff569becc44
      url: "https://pub.dev"
    source: hosted
    version: "3.4.1"
  args:
    dependency: transitive
    description:
      name: args
      sha256: "139d809800a412ebb26a3892da228b2d0ba36f0ef5d9a82166e5e52ec8d61611"
      url: "https://pub.dev"
    source: hosted
    version: "2.3.2"
  async:
    dependency: transitive
    description:
      name: async
      sha256: bfe67ef28df125b7dddcea62755991f807aa39a2492a23e1550161692950bbe0
      url: "https://pub.dev"
    source: hosted
    version: "2.10.0"
  collection:
    dependency: transitive
    description:
      name: collection
      sha256: "4a07be6cb69c84d677a6c3096fcf960cc3285a8330b4603e0d463d15d9bd934c"
      url: "https://pub.dev"
    source: hosted
    version: "1.17.1"
  convert:
    dependency: transitive
    description:
      name: convert
      sha256: "0f08b14755d163f6e2134cb58222dd25ea2a2ee8a195e53983d57c075324d592"
      url: "https://pub.dev"
    source: hosted
    version: "3.1.1"
  crypto:
    dependency: transitive
    description:
      name: crypto
      sha256: aa274aa7774f8964e4f4f38cc994db7b6158dd36e9187aaceaddc994b35c6c67
      url: "https://pub.dev"
    source: hosted
    version: "3.0.2"
  dart_style:
    dependency: transitive
    description:
      name: dart_style
      sha256: "8aff82f9b26fd868992e5430335a9d773bfef01e1d852d7ba71bf4c5d9349351"
      url: "https://pub.dev"
    source: hosted
    version: "2.2.3"
  dio:
    dependency: "direct main"
    description:
      name: dio
      sha256: "7d328c4d898a61efc3cd93655a0955858e29a0aa647f0f9e02d59b3bb275e2e8"
      url: "https://pub.dev"
    source: hosted
    version: "4.0.6"
  dotenv:
    dependency: "direct main"
    description:
      name: dotenv
      sha256: e169b516bc7b88801919e1c508772bcb8e3d0d1776a43f74ab692c57e741cd8a
      url: "https://pub.dev"
    source: hosted
    version: "4.1.0"
  file:
    dependency: transitive
    description:
      name: file
      sha256: "1b92bec4fc2a72f59a8e15af5f52cd441e4a7860b49499d69dfa817af20e925d"
      url: "https://pub.dev"
    source: hosted
    version: "6.1.4"
  functions_client:
    dependency: transitive
    description:
      name: functions_client
      sha256: "7e8bb50b13bcf76405addc406a5987bb067a9ec3b49307eab44fc145c67105d1"
      url: "https://pub.dev"
    source: hosted
    version: "1.0.2"
  glob:
    dependency: transitive
    description:
      name: glob
      sha256: "4515b5b6ddb505ebdd242a5f2cc5d22d3d6a80013789debfbda7777f47ea308c"
      url: "https://pub.dev"
    source: hosted
    version: "2.1.1"
  gotrue:
    dependency: transitive
    description:
      name: gotrue
      sha256: aa7dfb77787445defa89b8bc04025bfa24c3a7693843a43f97a4d7cae1cc7182
      url: "https://pub.dev"
    source: hosted
    version: "1.4.2"
  http:
    dependency: transitive
    description:
      name: http
      sha256: "6aa2946395183537c8b880962d935877325d6a09a2867c3970c05c0fed6ac482"
      url: "https://pub.dev"
    source: hosted
    version: "0.13.5"
  http_parser:
    dependency: transitive
    description:
      name: http_parser
      sha256: "2aa08ce0341cc9b354a498388e30986515406668dbcc4f7c950c3e715496693b"
      url: "https://pub.dev"
    source: hosted
    version: "4.0.2"
  jwt_decode:
    dependency: transitive
    description:
      name: jwt_decode
      sha256: d2e9f68c052b2225130977429d30f187aa1981d789c76ad104a32243cfdebfbb
      url: "https://pub.dev"
    source: hosted
    version: "0.3.1"
  lints:
    dependency: "direct dev"
    description:
      name: lints
      sha256: "5e4a9cd06d447758280a8ac2405101e0e2094d2a1dbdd3756aec3fe7775ba593"
      url: "https://pub.dev"
    source: hosted
    version: "2.0.1"
  logging:
    dependency: transitive
    description:
      name: logging
      sha256: "04094f2eb032cbb06c6f6e8d3607edcfcb0455e2bb6cbc010cb01171dcb64e6d"
      url: "https://pub.dev"
    source: hosted
    version: "1.1.1"
  meta:
    dependency: transitive
    description:
      name: meta
      sha256: "12307e7f0605ce3da64cf0db90e5fcab0869f3ca03f76be6bb2991ce0a55e82b"
      url: "https://pub.dev"
    source: hosted
    version: "1.9.0"
  mime:
    dependency: transitive
    description:
      name: mime
      sha256: e4ff8e8564c03f255408decd16e7899da1733852a9110a58fe6d1b817684a63e
      url: "https://pub.dev"
    source: hosted
    version: "1.0.4"
  nyxx:
    dependency: "direct main"
    description:
      name: nyxx
      sha256: "5de86ecfbc42358a0f78d2be0bb5ede29b3dec3c5f00027bf346165dca8a7a1d"
      url: "https://pub.dev"
    source: hosted
    version: "4.4.1"
  nyxx_commands:
    dependency: "direct main"
    description:
      name: nyxx_commands
      sha256: c572775e05e16eca998a7c89c8ee79ffa3a9063ab654b026a3045f3ffd2a1a0c
      url: "https://pub.dev"
    source: hosted
    version: "4.3.0"
  nyxx_interactions:
    dependency: transitive
    description:
      name: nyxx_interactions
      sha256: b228738cea78c79598cf78188ba09984b1f45abcbdda10ef5a6289e0ba8a64af
      url: "https://pub.dev"
    source: hosted
    version: "4.5.0"
  package_config:
    dependency: transitive
    description:
      name: package_config
      sha256: "1c5b77ccc91e4823a5af61ee74e6b972db1ef98c2ff5a18d3161c982a55448bd"
      url: "https://pub.dev"
    source: hosted
    version: "2.1.0"
  path:
    dependency: transitive
    description:
      name: path
      sha256: "8829d8a55c13fc0e37127c29fedf290c102f4e40ae94ada574091fe0ff96c917"
      url: "https://pub.dev"
    source: hosted
    version: "1.8.3"
  postgrest:
    dependency: transitive
    description:
      name: postgrest
      sha256: "9a411e62fdc00e02e35a4c4d2979d1632a6e9ea7a21ec7f3627d6eac322c7b7f"
      url: "https://pub.dev"
    source: hosted
    version: "1.2.2"
  pub_semver:
    dependency: transitive
    description:
      name: pub_semver
      sha256: "307de764d305289ff24ad257ad5c5793ce56d04947599ad68b3baa124105fc17"
      url: "https://pub.dev"
    source: hosted
    version: "2.1.3"
  random_string:
    dependency: transitive
    description:
      name: random_string
      sha256: "03b52435aae8cbdd1056cf91bfc5bf845e9706724dd35ae2e99fa14a1ef79d02"
      url: "https://pub.dev"
    source: hosted
    version: "2.3.1"
  realtime_client:
    dependency: transitive
    description:
      name: realtime_client
      sha256: f50f3dce6ac48de7a6d29f6b9b0b8864c1ecdebf322a1724b0aa70e95babd109
      url: "https://pub.dev"
    source: hosted
    version: "1.0.2"
  retry:
    dependency: transitive
    description:
      name: retry
      sha256: "45dfeebaf095b606fdb9dbfb4c114cc204449bc274783b452658365e03afdbab"
      url: "https://pub.dev"
    source: hosted
    version: "3.1.0"
  riverpod:
    dependency: "direct main"
    description:
      name: riverpod
      sha256: "0f43c64f1f79c2112c843305a879a746587fb7c1e388f1d4717737796756e2c4"
      url: "https://pub.dev"
    source: hosted
    version: "2.1.3"
  rxdart:
    dependency: transitive
    description:
      name: rxdart
      sha256: "0c7c0cedd93788d996e33041ffecda924cc54389199cde4e6a34b440f50044cb"
      url: "https://pub.dev"
    source: hosted
    version: "0.27.7"
  source_span:
    dependency: transitive
    description:
      name: source_span
      sha256: dd904f795d4b4f3b870833847c461801f6750a9fa8e61ea5ac53f9422b31f250
      url: "https://pub.dev"
    source: hosted
    version: "1.9.1"
  stack_trace:
    dependency: transitive
    description:
      name: stack_trace
      sha256: c3c7d8edb15bee7f0f74debd4b9c5f3c2ea86766fe4178eb2a18eb30a0bdaed5
      url: "https://pub.dev"
    source: hosted
    version: "1.11.0"
  state_notifier:
    dependency: transitive
    description:
      name: state_notifier
      sha256: "8fe42610f179b843b12371e40db58c9444f8757f8b69d181c97e50787caed289"
      url: "https://pub.dev"
    source: hosted
    version: "0.7.2+1"
  storage_client:
    dependency: transitive
    description:
      name: storage_client
      sha256: "6d5b7e3f8101d9f010fa05e56d426264052feb8241bebc8d471449cc510246ea"
      url: "https://pub.dev"
    source: hosted
    version: "1.2.1"
  stream_channel:
    dependency: transitive
    description:
      name: stream_channel
      sha256: "83615bee9045c1d322bbbd1ba209b7a749c2cbcdcb3fdd1df8eb488b3279c1c8"
      url: "https://pub.dev"
    source: hosted
    version: "2.1.1"
  string_scanner:
    dependency: transitive
    description:
      name: string_scanner
      sha256: "556692adab6cfa87322a115640c11f13cb77b3f076ddcc5d6ae3c20242bedcde"
      url: "https://pub.dev"
    source: hosted
    version: "1.2.0"
  supabase:
    dependency: "direct main"
    description:
      name: supabase
      sha256: cee310e3cbdd067d0e639b87be41ec4633de3f6dee739b5cd96200c162200f0f
      url: "https://pub.dev"
    source: hosted
    version: "1.4.0"
  term_glyph:
    dependency: transitive
    description:
      name: term_glyph
      sha256: a29248a84fbb7c79282b40b8c72a1209db169a2e0542bce341da992fe1bc7e84
      url: "https://pub.dev"
    source: hosted
    version: "1.2.1"
  typed_data:
    dependency: transitive
    description:
      name: typed_data
      sha256: "26f87ade979c47a150c9eaab93ccd2bebe70a27dc0b4b29517f2904f04eb11a5"
      url: "https://pub.dev"
    source: hosted
    version: "1.3.1"
  universal_io:
    dependency: transitive
    description:
      name: universal_io
      sha256: "79f78ddad839ee3aae3ec7c01eb4575faf0d5c860f8e5223bc9f9c17f7f03cef"
      url: "https://pub.dev"
    source: hosted
    version: "2.0.4"
  watcher:
    dependency: transitive
    description:
      name: watcher
      sha256: "6a7f46926b01ce81bfc339da6a7f20afbe7733eff9846f6d6a5466aa4c6667c0"
      url: "https://pub.dev"
    source: hosted
    version: "1.0.2"
  web_socket_channel:
    dependency: transitive
    description:
      name: web_socket_channel
      sha256: ca49c0bc209c687b887f30527fb6a9d80040b072cc2990f34b9bec3e7663101b
      url: "https://pub.dev"
    source: hosted
    version: "2.3.0"
  yaml:
    dependency: transitive
    description:
      name: yaml
      sha256: "23812a9b125b48d4007117254bca50abb6c712352927eece9e155207b1db2370"
      url: "https://pub.dev"
    source: hosted
    version: "3.1.1"
  yet_another_json_isolate:
    dependency: transitive
    description:
      name: yet_another_json_isolate
      sha256: cfaaaf91a1a7f4b226a4fbc72b6db2adadccea1bfa337aef9827d2d0cce6d79a
      url: "https://pub.dev"
    source: hosted
    version: "1.0.2"
sdks:
  dart: ">=2.18.0 <3.0.0"
